
Microsoft Visual Studio Solution File, Format Version 12.00
# Visual Studio Version 17
VisualStudioVersion = 17.7.34024.191
MinimumVisualStudioVersion = 10.0.40219.1
Project("{FAE04EC0-301F-11D3-BF4B-00C04F79EFBC}") = "TachPracAPI", "TachPracAPI\TachPracAPI.csproj", "{78056B91-B2EB-43BE-9FCA-0018B4A8E3CA}"
EndProject
Global
	GlobalSection(SolutionConfigurationPlatforms) = preSolution
		Debug|Any CPU = Debug|Any CPU
		Release|Any CPU = Release|Any CPU
	EndGlobalSection
	GlobalSection(ProjectConfigurationPlatforms) = postSolution
		{78056B91-B2EB-43BE-9FCA-0018B4A8E3CA}.Debug|Any CPU.ActiveCfg = Debug|Any CPU
		{78056B91-B2EB-43BE-9FCA-0018B4A8E3CA}.Debug|Any CPU.Build.0 = Debug|Any CPU
		{78056B91-B2EB-43BE-9FCA-0018B4A8E3CA}.Release|Any CPU.ActiveCfg = Release|Any CPU
		{78056B91-B2EB-43BE-9FCA-0018B4A8E3CA}.Release|Any CPU.Build.0 = Release|Any CPU
	EndGlobalSection
	GlobalSection(SolutionProperties) = preSolution
		HideSolutionNode = FALSE
	EndGlobalSection
	GlobalSection(ExtensibilityGlobals) = postSolution
		SolutionGuid = {9C57EA6E-6479-4470-A6E8-1D240E781508}
	EndGlobalSection
EndGlobal
